<?xml version="1.0"?>
<Project ToolsVersion="4.0" xmlns="http://schemas.microsoft.com/developer/msbuild/2003">
	<ItemGroup>
		<ClCompile Include="src\ofApp.cpp">
			<Filter>src</Filter>
		</ClCompile>
		<ClCompile Include="src\main.cpp">
			<Filter>src</Filter>
		</ClCompile>
		<ClCompile Include="src\main.cpp">
			<Filter>src</Filter>
		</ClCompile>
		<ClCompile Include="src\ofApp.cpp">
			<Filter>src</Filter>
		</ClCompile>
		<ClCompile Include="..\..\..\addons\ofxDeferredShading\src\DeferredProcessor.cpp">
			<Filter>addons\ofxDeferredShading\src</Filter>
		</ClCompile>
		<ClCompile Include="..\..\..\addons\ofxDeferredShading\src\GBuffer.cpp">
			<Filter>addons\ofxDeferredShading\src</Filter>
		</ClCompile>
		<ClCompile Include="..\..\..\addons\ofxDeferredShading\src\pass\BloomPass.cpp">
			<Filter>addons\ofxDeferredShading\src\pass</Filter>
		</ClCompile>
		<ClCompile Include="..\..\..\addons\ofxDeferredShading\src\pass\BlurPass.cpp">
			<Filter>addons\ofxDeferredShading\src\pass</Filter>
		</ClCompile>
		<ClCompile Include="..\..\..\addons\ofxDeferredShading\src\pass\DofPass.cpp">
			<Filter>addons\ofxDeferredShading\src\pass</Filter>
		</ClCompile>
		<ClCompile Include="..\..\..\addons\ofxDeferredShading\src\pass\EdgePass.cpp">
			<Filter>addons\ofxDeferredShading\src\pass</Filter>
		</ClCompile>
		<ClCompile Include="..\..\..\addons\ofxDeferredShading\src\pass\PointLightPass.cpp">
			<Filter>addons\ofxDeferredShading\src\pass</Filter>
		</ClCompile>
		<ClCompile Include="..\..\..\addons\ofxDeferredShading\src\pass\ShadowLightPass.cpp">
			<Filter>addons\ofxDeferredShading\src\pass</Filter>
		</ClCompile>
		<ClCompile Include="..\..\..\addons\ofxDeferredShading\src\pass\SsaoPass.cpp">
			<Filter>addons\ofxDeferredShading\src\pass</Filter>
		</ClCompile>
		<ClCompile Include="..\..\..\addons\ofxDeferredShading\src\RenderPass.cpp">
			<Filter>addons\ofxDeferredShading\src</Filter>
		</ClCompile>
		<ClCompile Include="..\..\..\addons\ofxGui\src\ofxBaseGui.cpp">
			<Filter>addons\ofxGui\src</Filter>
		</ClCompile>
		<ClCompile Include="..\..\..\addons\ofxGui\src\ofxButton.cpp">
			<Filter>addons\ofxGui\src</Filter>
		</ClCompile>
		<ClCompile Include="..\..\..\addons\ofxGui\src\ofxColorPicker.cpp">
			<Filter>addons\ofxGui\src</Filter>
		</ClCompile>
		<ClCompile Include="..\..\..\addons\ofxGui\src\ofxGuiGroup.cpp">
			<Filter>addons\ofxGui\src</Filter>
		</ClCompile>
		<ClCompile Include="..\..\..\addons\ofxGui\src\ofxInputField.cpp">
			<Filter>addons\ofxGui\src</Filter>
		</ClCompile>
		<ClCompile Include="..\..\..\addons\ofxGui\src\ofxLabel.cpp">
			<Filter>addons\ofxGui\src</Filter>
		</ClCompile>
		<ClCompile Include="..\..\..\addons\ofxGui\src\ofxPanel.cpp">
			<Filter>addons\ofxGui\src</Filter>
		</ClCompile>
		<ClCompile Include="..\..\..\addons\ofxGui\src\ofxSlider.cpp">
			<Filter>addons\ofxGui\src</Filter>
		</ClCompile>
		<ClCompile Include="..\..\..\addons\ofxGui\src\ofxSliderGroup.cpp">
			<Filter>addons\ofxGui\src</Filter>
		</ClCompile>
		<ClCompile Include="..\..\..\addons\ofxGui\src\ofxToggle.cpp">
			<Filter>addons\ofxGui\src</Filter>
		</ClCompile>
	</ItemGroup>
	<ItemGroup>
		<Filter Include="src">
			<UniqueIdentifier>{d8376475-7454-4a24-b08a-aac121d3ad6f}</UniqueIdentifier>
		</Filter>
		<Filter Include="addons">
			<UniqueIdentifier>{71834F65-F3A9-211E-73B8-DC85}</UniqueIdentifier>
		</Filter>
		<Filter Include="addons\ofxDeferredShading">
			<UniqueIdentifier>{04797335-B748-CA90-B984-5B22}</UniqueIdentifier>
		</Filter>
		<Filter Include="addons\ofxDeferredShading\src">
			<UniqueIdentifier>{2CCF24B7-A7D0-B339-7BFE-281E}</UniqueIdentifier>
		</Filter>
		<Filter Include="addons\ofxDeferredShading\src\pass">
			<UniqueIdentifier>{D3DE293F-3A4D-96D0-AB19-DBBA}</UniqueIdentifier>
		</Filter>
		<Filter Include="addons\ofxGui">
			<UniqueIdentifier>{4F2A59AF-5F4E-704B-D067-EC13}</UniqueIdentifier>
		</Filter>
		<Filter Include="addons\ofxGui\src">
			<UniqueIdentifier>{645E9533-4DCD-6179-1CDF-CB65}</UniqueIdentifier>
		</Filter>
	</ItemGroup>
	<ItemGroup>
		<ClInclude Include="src\ofApp.h">
			<Filter>src</Filter>
		</ClInclude>
		<ClInclude Include="src\GenArchitect.hpp">
			<Filter>src</Filter>
		</ClInclude>
		<ClInclude Include="src\GenCells.hpp">
			<Filter>src</Filter>
		</ClInclude>
		<ClInclude Include="src\ofApp.h">
			<Filter>src</Filter>
		</ClInclude>
		<ClInclude Include="..\..\..\addons\ofxDeferredShading\src\AtomicCounterBuffer.h">
			<Filter>addons\ofxDeferredShading\src</Filter>
		</ClInclude>
		<ClInclude Include="..\..\..\addons\ofxDeferredShading\src\DeferredProcessor.hpp">
			<Filter>addons\ofxDeferredShading\src</Filter>
		</ClInclude>
		<ClInclude Include="..\..\..\addons\ofxDeferredShading\src\GBuffer.hpp">
			<Filter>addons\ofxDeferredShading\src</Filter>
		</ClInclude>
		<ClInclude Include="..\..\..\addons\ofxDeferredShading\src\ofxDeferredShading.h">
			<Filter>addons\ofxDeferredShading\src</Filter>
		</ClInclude>
		<ClInclude Include="..\..\..\addons\ofxDeferredShading\src\pass\BgPass.hpp">
			<Filter>addons\ofxDeferredShading\src\pass</Filter>
		</ClInclude>
		<ClInclude Include="..\..\..\addons\ofxDeferredShading\src\pass\BloomPass.hpp">
			<Filter>addons\ofxDeferredShading\src\pass</Filter>
		</ClInclude>
		<ClInclude Include="..\..\..\addons\ofxDeferredShading\src\pass\BlurPass.h">
			<Filter>addons\ofxDeferredShading\src\pass</Filter>
		</ClInclude>
		<ClInclude Include="..\..\..\addons\ofxDeferredShading\src\pass\DofPass.hpp">
			<Filter>addons\ofxDeferredShading\src\pass</Filter>
		</ClInclude>
		<ClInclude Include="..\..\..\addons\ofxDeferredShading\src\pass\EdgePass.hpp">
			<Filter>addons\ofxDeferredShading\src\pass</Filter>
		</ClInclude>
		<ClInclude Include="..\..\..\addons\ofxDeferredShading\src\pass\FogPass.h">
			<Filter>addons\ofxDeferredShading\src\pass</Filter>
		</ClInclude>
		<ClInclude Include="..\..\..\addons\ofxDeferredShading\src\pass\FxaaPass.h">
			<Filter>addons\ofxDeferredShading\src\pass</Filter>
		</ClInclude>
		<ClInclude Include="..\..\..\addons\ofxDeferredShading\src\pass\PointLightPass.hpp">
			<Filter>addons\ofxDeferredShading\src\pass</Filter>
		</ClInclude>
		<ClInclude Include="..\..\..\addons\ofxDeferredShading\src\pass\ShadowLightPass.hpp">
			<Filter>addons\ofxDeferredShading\src\pass</Filter>
		</ClInclude>
		<ClInclude Include="..\..\..\addons\ofxDeferredShading\src\pass\SsaoPass.hpp">
			<Filter>addons\ofxDeferredShading\src\pass</Filter>
		</ClInclude>
		<ClInclude Include="..\..\..\addons\ofxDeferredShading\src\PingPongBuffer.h">
			<Filter>addons\ofxDeferredShading\src</Filter>
		</ClInclude>
		<ClInclude Include="..\..\..\addons\ofxDeferredShading\src\RenderPass.hpp">
			<Filter>addons\ofxDeferredShading\src</Filter>
		</ClInclude>
		<ClInclude Include="..\..\..\addons\ofxGui\src\ofxBaseGui.h">
			<Filter>addons\ofxGui\src</Filter>
		</ClInclude>
		<ClInclude Include="..\..\..\addons\ofxGui\src\ofxButton.h">
			<Filter>addons\ofxGui\src</Filter>
		</ClInclude>
		<ClInclude Include="..\..\..\addons\ofxGui\src\ofxColorPicker.h">
			<Filter>addons\ofxGui\src</Filter>
		</ClInclude>
		<ClInclude Include="..\..\..\addons\ofxGui\src\ofxGui.h">
			<Filter>addons\ofxGui\src</Filter>
		</ClInclude>
		<ClInclude Include="..\..\..\addons\ofxGui\src\ofxGuiGroup.h">
			<Filter>addons\ofxGui\src</Filter>
		</ClInclude>
		<ClInclude Include="..\..\..\addons\ofxGui\src\ofxGuiUtils.h">
			<Filter>addons\ofxGui\src</Filter>
		</ClInclude>
		<ClInclude Include="..\..\..\addons\ofxGui\src\ofxInputField.h">
			<Filter>addons\ofxGui\src</Filter>
		</ClInclude>
		<ClInclude Include="..\..\..\addons\ofxGui\src\ofxLabel.h">
			<Filter>addons\ofxGui\src</Filter>
		</ClInclude>
		<ClInclude Include="..\..\..\addons\ofxGui\src\ofxPanel.h">
			<Filter>addons\ofxGui\src</Filter>
		</ClInclude>
		<ClInclude Include="..\..\..\addons\ofxGui\src\ofxSlider.h">
			<Filter>addons\ofxGui\src</Filter>
		</ClInclude>
		<ClInclude Include="..\..\..\addons\ofxGui\src\ofxSliderGroup.h">
			<Filter>addons\ofxGui\src</Filter>
		</ClInclude>
		<ClInclude Include="..\..\..\addons\ofxGui\src\ofxToggle.h">
			<Filter>addons\ofxGui\src</Filter>
		</ClInclude>
	</ItemGroup>
	<ItemGroup>
		<ResourceCompile Include="icon.rc" />
	</ItemGroup>
</Project>
