<?xml version="1.0"?>
<Project ToolsVersion="4.0" xmlns="http://schemas.microsoft.com/developer/msbuild/2003">
	<ItemGroup>
		<ClCompile Include="src\ofApp.cpp">
			<Filter>src</Filter>
		</ClCompile>
		<ClCompile Include="src\main.cpp">
			<Filter>src</Filter>
		</ClCompile>
		<ClCompile Include="src\Helpers\Octree.cpp">
			<Filter>src\Helpers</Filter>
		</ClCompile>
		<ClCompile Include="src\Helpers\Particle.cpp">
			<Filter>src\Helpers</Filter>
		</ClCompile>
		<ClCompile Include="src\Layer.cpp">
			<Filter>src</Filter>
		</ClCompile>
		<ClCompile Include="src\main.cpp">
			<Filter>src</Filter>
		</ClCompile>
		<ClCompile Include="src\ofApp.cpp">
			<Filter>src</Filter>
		</ClCompile>
		<ClCompile Include="src\Overlay.cpp">
			<Filter>src</Filter>
		</ClCompile>
		<ClCompile Include="src\Scene.cpp">
			<Filter>src</Filter>
		</ClCompile>
		<ClCompile Include="src\Scenes\DefaultScene.cpp">
			<Filter>src\Scenes</Filter>
		</ClCompile>
		<ClCompile Include="src\Scenes\Growth Models\Collatz\Collatz.cpp">
			<Filter>src\Scenes\Growth Models\Collatz</Filter>
		</ClCompile>
		<ClCompile Include="src\Scenes\Growth Models\Collatz\CollatzBranch.cpp">
			<Filter>src\Scenes\Growth Models\Collatz</Filter>
		</ClCompile>
		<ClCompile Include="src\Scenes\Growth Models\DiffLine.cpp">
			<Filter>src\Scenes\Growth Models</Filter>
		</ClCompile>
		<ClCompile Include="src\Scenes\Growth Models\DLA.cpp">
			<Filter>src\Scenes\Growth Models</Filter>
		</ClCompile>
		<ClCompile Include="src\Scenes\Growth Models\Node.cpp">
			<Filter>src\Scenes\Growth Models</Filter>
		</ClCompile>
		<ClCompile Include="src\Scenes\Growth Models\RandomWalker.cpp">
			<Filter>src\Scenes\Growth Models</Filter>
		</ClCompile>
		<ClCompile Include="src\Scenes\Growth Models\SpaceColonization\SCBranch.cpp">
			<Filter>src\Scenes\Growth Models\SpaceColonization</Filter>
		</ClCompile>
		<ClCompile Include="src\Scenes\Growth Models\SpaceColonization\SCLeaf.cpp">
			<Filter>src\Scenes\Growth Models\SpaceColonization</Filter>
		</ClCompile>
		<ClCompile Include="src\Scenes\Growth Models\SpaceColonization\SpaceColonization.cpp">
			<Filter>src\Scenes\Growth Models\SpaceColonization</Filter>
		</ClCompile>
		<ClCompile Include="src\Scenes\Installations\Sunset.cpp">
			<Filter>src\Scenes\Installations</Filter>
		</ClCompile>
		<ClCompile Include="src\Scenes\Particle Systems\Boids\Boid.cpp">
			<Filter>src\Scenes\Particle Systems\Boids</Filter>
		</ClCompile>
		<ClCompile Include="src\Scenes\Particle Systems\Boids\Boids.cpp">
			<Filter>src\Scenes\Particle Systems\Boids</Filter>
		</ClCompile>
		<ClCompile Include="src\Scenes\Particle Systems\FluidSimulation\Fluid.cpp">
			<Filter>src\Scenes\Particle Systems\FluidSimulation</Filter>
		</ClCompile>
		<ClCompile Include="src\Scenes\Particle Systems\FluidSimulation\FluidSimulation.cpp">
			<Filter>src\Scenes\Particle Systems\FluidSimulation</Filter>
		</ClCompile>
		<ClCompile Include="src\Scenes\Particle Systems\Snake\Snake.cpp">
			<Filter>src\Scenes\Particle Systems\Snake</Filter>
		</ClCompile>
		<ClCompile Include="src\Scenes\Particle Systems\Test1.cpp">
			<Filter>src\Scenes\Particle Systems</Filter>
		</ClCompile>
		<ClCompile Include="src\Scenes\Shader Experimentations\DomainWarping.cpp">
			<Filter>src\Scenes\Shader Experimentations</Filter>
		</ClCompile>
		<ClCompile Include="src\Scenes\Shader Experimentations\Julia2D.cpp">
			<Filter>src\Scenes\Shader Experimentations</Filter>
		</ClCompile>
		<ClCompile Include="src\Scenes\Shader Experimentations\ShaderTest.cpp">
			<Filter>src\Scenes\Shader Experimentations</Filter>
		</ClCompile>
		<ClCompile Include="src\Scenes\Shader Experimentations\SimplexTerrain.cpp">
			<Filter>src\Scenes\Shader Experimentations</Filter>
		</ClCompile>
		<ClCompile Include="..\..\..\addons\ofxDeferredShading\src\DeferredProcessor.cpp">
			<Filter>addons\ofxDeferredShading\src</Filter>
		</ClCompile>
		<ClCompile Include="..\..\..\addons\ofxDeferredShading\src\GBuffer.cpp">
			<Filter>addons\ofxDeferredShading\src</Filter>
		</ClCompile>
		<ClCompile Include="..\..\..\addons\ofxDeferredShading\src\pass\BloomPass.cpp">
			<Filter>addons\ofxDeferredShading\src\pass</Filter>
		</ClCompile>
		<ClCompile Include="..\..\..\addons\ofxDeferredShading\src\pass\BlurPass.cpp">
			<Filter>addons\ofxDeferredShading\src\pass</Filter>
		</ClCompile>
		<ClCompile Include="..\..\..\addons\ofxDeferredShading\src\pass\DofPass.cpp">
			<Filter>addons\ofxDeferredShading\src\pass</Filter>
		</ClCompile>
		<ClCompile Include="..\..\..\addons\ofxDeferredShading\src\pass\EdgePass.cpp">
			<Filter>addons\ofxDeferredShading\src\pass</Filter>
		</ClCompile>
		<ClCompile Include="..\..\..\addons\ofxDeferredShading\src\pass\PointLightPass.cpp">
			<Filter>addons\ofxDeferredShading\src\pass</Filter>
		</ClCompile>
		<ClCompile Include="..\..\..\addons\ofxDeferredShading\src\pass\ShadowLightPass.cpp">
			<Filter>addons\ofxDeferredShading\src\pass</Filter>
		</ClCompile>
		<ClCompile Include="..\..\..\addons\ofxDeferredShading\src\pass\SsaoPass.cpp">
			<Filter>addons\ofxDeferredShading\src\pass</Filter>
		</ClCompile>
		<ClCompile Include="..\..\..\addons\ofxDeferredShading\src\RenderPass.cpp">
			<Filter>addons\ofxDeferredShading\src</Filter>
		</ClCompile>
		<ClCompile Include="..\..\..\addons\ofxGui\src\ofxBaseGui.cpp">
			<Filter>addons\ofxGui\src</Filter>
		</ClCompile>
		<ClCompile Include="..\..\..\addons\ofxGui\src\ofxButton.cpp">
			<Filter>addons\ofxGui\src</Filter>
		</ClCompile>
		<ClCompile Include="..\..\..\addons\ofxGui\src\ofxColorPicker.cpp">
			<Filter>addons\ofxGui\src</Filter>
		</ClCompile>
		<ClCompile Include="..\..\..\addons\ofxGui\src\ofxGuiGroup.cpp">
			<Filter>addons\ofxGui\src</Filter>
		</ClCompile>
		<ClCompile Include="..\..\..\addons\ofxGui\src\ofxInputField.cpp">
			<Filter>addons\ofxGui\src</Filter>
		</ClCompile>
		<ClCompile Include="..\..\..\addons\ofxGui\src\ofxLabel.cpp">
			<Filter>addons\ofxGui\src</Filter>
		</ClCompile>
		<ClCompile Include="..\..\..\addons\ofxGui\src\ofxPanel.cpp">
			<Filter>addons\ofxGui\src</Filter>
		</ClCompile>
		<ClCompile Include="..\..\..\addons\ofxGui\src\ofxSlider.cpp">
			<Filter>addons\ofxGui\src</Filter>
		</ClCompile>
		<ClCompile Include="..\..\..\addons\ofxGui\src\ofxSliderGroup.cpp">
			<Filter>addons\ofxGui\src</Filter>
		</ClCompile>
		<ClCompile Include="..\..\..\addons\ofxGui\src\ofxToggle.cpp">
			<Filter>addons\ofxGui\src</Filter>
		</ClCompile>
	</ItemGroup>
	<ItemGroup>
		<Filter Include="src">
			<UniqueIdentifier>{d8376475-7454-4a24-b08a-aac121d3ad6f}</UniqueIdentifier>
		</Filter>
		<Filter Include="src\Helpers">
			<UniqueIdentifier>{42883D2B-5DDC-DCC5-4523-CE8D}</UniqueIdentifier>
		</Filter>
		<Filter Include="src\Scenes">
			<UniqueIdentifier>{6A6AB684-C3B3-7377-6FC5-6FBF}</UniqueIdentifier>
		</Filter>
		<Filter Include="src\Scenes\Growth Models">
			<UniqueIdentifier>{C1581BD0-2190-0EE3-F1E2-16D5}</UniqueIdentifier>
		</Filter>
		<Filter Include="src\Scenes\Growth Models\Collatz">
			<UniqueIdentifier>{FC8ED397-F4DC-BD39-86A1-B13A}</UniqueIdentifier>
		</Filter>
		<Filter Include="src\Scenes\Growth Models\SpaceColonization">
			<UniqueIdentifier>{39ED3DF1-6448-0E09-53C2-0D8B}</UniqueIdentifier>
		</Filter>
		<Filter Include="src\Scenes\Installations">
			<UniqueIdentifier>{7E8C4C88-90A8-E02A-AC62-89E8}</UniqueIdentifier>
		</Filter>
		<Filter Include="src\Scenes\Particle Systems">
			<UniqueIdentifier>{BECFC784-2F2E-4E83-0566-229F}</UniqueIdentifier>
		</Filter>
		<Filter Include="src\Scenes\Particle Systems\Boids">
			<UniqueIdentifier>{3CD1435D-881F-2931-B81F-9BC1}</UniqueIdentifier>
		</Filter>
		<Filter Include="src\Scenes\Particle Systems\FluidSimulation">
			<UniqueIdentifier>{A64E47E0-6ED9-7AEC-7EED-5611}</UniqueIdentifier>
		</Filter>
		<Filter Include="src\Scenes\Particle Systems\Snake">
			<UniqueIdentifier>{55F2A01F-DF7C-BA6C-DFA5-223D}</UniqueIdentifier>
		</Filter>
		<Filter Include="src\Scenes\Shader Experimentations">
			<UniqueIdentifier>{675A71D2-73B7-E62D-2404-265F}</UniqueIdentifier>
		</Filter>
		<Filter Include="addons">
			<UniqueIdentifier>{71834F65-F3A9-211E-73B8-DC85}</UniqueIdentifier>
		</Filter>
		<Filter Include="addons\ofxDeferredShading">
			<UniqueIdentifier>{04797335-B748-CA90-B984-5B22}</UniqueIdentifier>
		</Filter>
		<Filter Include="addons\ofxDeferredShading\src">
			<UniqueIdentifier>{2CCF24B7-A7D0-B339-7BFE-281E}</UniqueIdentifier>
		</Filter>
		<Filter Include="addons\ofxDeferredShading\src\pass">
			<UniqueIdentifier>{D3DE293F-3A4D-96D0-AB19-DBBA}</UniqueIdentifier>
		</Filter>
		<Filter Include="addons\ofxGui">
			<UniqueIdentifier>{4F2A59AF-5F4E-704B-D067-EC13}</UniqueIdentifier>
		</Filter>
		<Filter Include="addons\ofxGui\src">
			<UniqueIdentifier>{645E9533-4DCD-6179-1CDF-CB65}</UniqueIdentifier>
		</Filter>
	</ItemGroup>
	<ItemGroup>
		<ClInclude Include="src\ofApp.h">
			<Filter>src</Filter>
		</ClInclude>
		<ClInclude Include="src\GenArchitect.hpp">
			<Filter>src</Filter>
		</ClInclude>
		<ClInclude Include="src\GenCells.hpp">
			<Filter>src</Filter>
		</ClInclude>
		<ClInclude Include="src\Global.h">
			<Filter>src</Filter>
		</ClInclude>
		<ClInclude Include="src\Helpers\Octree.h">
			<Filter>src\Helpers</Filter>
		</ClInclude>
		<ClInclude Include="src\Helpers\Particle.h">
			<Filter>src\Helpers</Filter>
		</ClInclude>
		<ClInclude Include="src\Layer.h">
			<Filter>src</Filter>
		</ClInclude>
		<ClInclude Include="src\ofApp.h">
			<Filter>src</Filter>
		</ClInclude>
		<ClInclude Include="src\Overlay.h">
			<Filter>src</Filter>
		</ClInclude>
		<ClInclude Include="src\Scene.h">
			<Filter>src</Filter>
		</ClInclude>
		<ClInclude Include="src\Scenes\DefaultScene.h">
			<Filter>src\Scenes</Filter>
		</ClInclude>
		<ClInclude Include="src\Scenes\Growth Models\Collatz\Collatz.h">
			<Filter>src\Scenes\Growth Models\Collatz</Filter>
		</ClInclude>
		<ClInclude Include="src\Scenes\Growth Models\Collatz\CollatzBranch.h">
			<Filter>src\Scenes\Growth Models\Collatz</Filter>
		</ClInclude>
		<ClInclude Include="src\Scenes\Growth Models\DiffLine.h">
			<Filter>src\Scenes\Growth Models</Filter>
		</ClInclude>
		<ClInclude Include="src\Scenes\Growth Models\DLA.h">
			<Filter>src\Scenes\Growth Models</Filter>
		</ClInclude>
		<ClInclude Include="src\Scenes\Growth Models\Node.h">
			<Filter>src\Scenes\Growth Models</Filter>
		</ClInclude>
		<ClInclude Include="src\Scenes\Growth Models\RandomWalker.h">
			<Filter>src\Scenes\Growth Models</Filter>
		</ClInclude>
		<ClInclude Include="src\Scenes\Growth Models\SpaceColonization\SCBranch.h">
			<Filter>src\Scenes\Growth Models\SpaceColonization</Filter>
		</ClInclude>
		<ClInclude Include="src\Scenes\Growth Models\SpaceColonization\SCLeaf.h">
			<Filter>src\Scenes\Growth Models\SpaceColonization</Filter>
		</ClInclude>
		<ClInclude Include="src\Scenes\Growth Models\SpaceColonization\SpaceColonization.h">
			<Filter>src\Scenes\Growth Models\SpaceColonization</Filter>
		</ClInclude>
		<ClInclude Include="src\Scenes\Installations\Sunset.h">
			<Filter>src\Scenes\Installations</Filter>
		</ClInclude>
		<ClInclude Include="src\Scenes\Particle Systems\Boids\Boid.h">
			<Filter>src\Scenes\Particle Systems\Boids</Filter>
		</ClInclude>
		<ClInclude Include="src\Scenes\Particle Systems\Boids\Boids.h">
			<Filter>src\Scenes\Particle Systems\Boids</Filter>
		</ClInclude>
		<ClInclude Include="src\Scenes\Particle Systems\FluidSimulation\Fluid.h">
			<Filter>src\Scenes\Particle Systems\FluidSimulation</Filter>
		</ClInclude>
		<ClInclude Include="src\Scenes\Particle Systems\FluidSimulation\FluidSimulation.h">
			<Filter>src\Scenes\Particle Systems\FluidSimulation</Filter>
		</ClInclude>
		<ClInclude Include="src\Scenes\Particle Systems\Snake\Snake.h">
			<Filter>src\Scenes\Particle Systems\Snake</Filter>
		</ClInclude>
		<ClInclude Include="src\Scenes\Particle Systems\Test1.h">
			<Filter>src\Scenes\Particle Systems</Filter>
		</ClInclude>
		<ClInclude Include="src\Scenes\Shader Experimentations\DomainWarping.h">
			<Filter>src\Scenes\Shader Experimentations</Filter>
		</ClInclude>
		<ClInclude Include="src\Scenes\Shader Experimentations\Julia2D.h">
			<Filter>src\Scenes\Shader Experimentations</Filter>
		</ClInclude>
		<ClInclude Include="src\Scenes\Shader Experimentations\ShaderTest.h">
			<Filter>src\Scenes\Shader Experimentations</Filter>
		</ClInclude>
		<ClInclude Include="src\Scenes\Shader Experimentations\SimplexTerrain.h">
			<Filter>src\Scenes\Shader Experimentations</Filter>
		</ClInclude>
		<ClInclude Include="..\..\..\addons\ofxDeferredShading\src\AtomicCounterBuffer.h">
			<Filter>addons\ofxDeferredShading\src</Filter>
		</ClInclude>
		<ClInclude Include="..\..\..\addons\ofxDeferredShading\src\DeferredProcessor.hpp">
			<Filter>addons\ofxDeferredShading\src</Filter>
		</ClInclude>
		<ClInclude Include="..\..\..\addons\ofxDeferredShading\src\GBuffer.hpp">
			<Filter>addons\ofxDeferredShading\src</Filter>
		</ClInclude>
		<ClInclude Include="..\..\..\addons\ofxDeferredShading\src\ofxDeferredShading.h">
			<Filter>addons\ofxDeferredShading\src</Filter>
		</ClInclude>
		<ClInclude Include="..\..\..\addons\ofxDeferredShading\src\pass\BgPass.hpp">
			<Filter>addons\ofxDeferredShading\src\pass</Filter>
		</ClInclude>
		<ClInclude Include="..\..\..\addons\ofxDeferredShading\src\pass\BloomPass.hpp">
			<Filter>addons\ofxDeferredShading\src\pass</Filter>
		</ClInclude>
		<ClInclude Include="..\..\..\addons\ofxDeferredShading\src\pass\BlurPass.h">
			<Filter>addons\ofxDeferredShading\src\pass</Filter>
		</ClInclude>
		<ClInclude Include="..\..\..\addons\ofxDeferredShading\src\pass\DofPass.hpp">
			<Filter>addons\ofxDeferredShading\src\pass</Filter>
		</ClInclude>
		<ClInclude Include="..\..\..\addons\ofxDeferredShading\src\pass\EdgePass.hpp">
			<Filter>addons\ofxDeferredShading\src\pass</Filter>
		</ClInclude>
		<ClInclude Include="..\..\..\addons\ofxDeferredShading\src\pass\FogPass.h">
			<Filter>addons\ofxDeferredShading\src\pass</Filter>
		</ClInclude>
		<ClInclude Include="..\..\..\addons\ofxDeferredShading\src\pass\FxaaPass.h">
			<Filter>addons\ofxDeferredShading\src\pass</Filter>
		</ClInclude>
		<ClInclude Include="..\..\..\addons\ofxDeferredShading\src\pass\PointLightPass.hpp">
			<Filter>addons\ofxDeferredShading\src\pass</Filter>
		</ClInclude>
		<ClInclude Include="..\..\..\addons\ofxDeferredShading\src\pass\ShadowLightPass.hpp">
			<Filter>addons\ofxDeferredShading\src\pass</Filter>
		</ClInclude>
		<ClInclude Include="..\..\..\addons\ofxDeferredShading\src\pass\SsaoPass.hpp">
			<Filter>addons\ofxDeferredShading\src\pass</Filter>
		</ClInclude>
		<ClInclude Include="..\..\..\addons\ofxDeferredShading\src\PingPongBuffer.h">
			<Filter>addons\ofxDeferredShading\src</Filter>
		</ClInclude>
		<ClInclude Include="..\..\..\addons\ofxDeferredShading\src\RenderPass.hpp">
			<Filter>addons\ofxDeferredShading\src</Filter>
		</ClInclude>
		<ClInclude Include="..\..\..\addons\ofxGui\src\ofxBaseGui.h">
			<Filter>addons\ofxGui\src</Filter>
		</ClInclude>
		<ClInclude Include="..\..\..\addons\ofxGui\src\ofxButton.h">
			<Filter>addons\ofxGui\src</Filter>
		</ClInclude>
		<ClInclude Include="..\..\..\addons\ofxGui\src\ofxColorPicker.h">
			<Filter>addons\ofxGui\src</Filter>
		</ClInclude>
		<ClInclude Include="..\..\..\addons\ofxGui\src\ofxGui.h">
			<Filter>addons\ofxGui\src</Filter>
		</ClInclude>
		<ClInclude Include="..\..\..\addons\ofxGui\src\ofxGuiGroup.h">
			<Filter>addons\ofxGui\src</Filter>
		</ClInclude>
		<ClInclude Include="..\..\..\addons\ofxGui\src\ofxGuiUtils.h">
			<Filter>addons\ofxGui\src</Filter>
		</ClInclude>
		<ClInclude Include="..\..\..\addons\ofxGui\src\ofxInputField.h">
			<Filter>addons\ofxGui\src</Filter>
		</ClInclude>
		<ClInclude Include="..\..\..\addons\ofxGui\src\ofxLabel.h">
			<Filter>addons\ofxGui\src</Filter>
		</ClInclude>
		<ClInclude Include="..\..\..\addons\ofxGui\src\ofxPanel.h">
			<Filter>addons\ofxGui\src</Filter>
		</ClInclude>
		<ClInclude Include="..\..\..\addons\ofxGui\src\ofxSlider.h">
			<Filter>addons\ofxGui\src</Filter>
		</ClInclude>
		<ClInclude Include="..\..\..\addons\ofxGui\src\ofxSliderGroup.h">
			<Filter>addons\ofxGui\src</Filter>
		</ClInclude>
		<ClInclude Include="..\..\..\addons\ofxGui\src\ofxToggle.h">
			<Filter>addons\ofxGui\src</Filter>
		</ClInclude>
	</ItemGroup>
	<ItemGroup>
		<ResourceCompile Include="icon.rc" />
	</ItemGroup>
</Project>
